{
  "name": "tmp",
  "version": "1.0.0",
  "lockfileVersion": 1,
  "requires": true,
  "dependencies": {
    "@patternfly/patternfly": {
      "version": "2.56.3",
      "resolved": "https://registry.npmjs.org/@patternfly/patternfly/-/patternfly-2.56.3.tgz",
      "integrity": "sha512-merUreEz4ul84s+OXwJ27AtMtcBdzExDX+Xn/T84OD6OAgG8iU1x1dnWdFBeEFKOlTpKxwjXxS/Zc8tSxpfRBw==",
      "dev": true
    }
  }
}
