{
  "name": "tmp",
  "version": "1.0.0",
  "lockfileVersion": 1,
  "requires": true,
  "dependencies": {
    "@patternfly/patternfly": {
      "version": "2.57.0",
      "resolved": "https://registry.npmjs.org/@patternfly/patternfly/-/patternfly-2.57.0.tgz",
      "integrity": "sha512-HWLhzm1yMj7JqWLsdfeDXYwUmh7Puy8r6sAialg6wVllc/SRLwQUQ5UpLOGB9APYKTxXgDHxVuaxTfciSLrxwA==",
      "dev": true
    }
  }
}
